// !$*UTF8*$!
{
	archiveVersion = 1;
	classes = {
	};
	objectVersion = 55;
	objects = {

/* Begin PBXBuildFile section */
		7978DBE327E0AC2400499843 /* HomeViewModel.swift in Sources */ = {isa = PBXBuildFile; fileRef = 7978DBE227E0AC2400499843 /* HomeViewModel.swift */; };
		7978DBE527E0AC2D00499843 /* TaskModel.swift in Sources */ = {isa = PBXBuildFile; fileRef = 7978DBE427E0AC2D00499843 /* TaskModel.swift */; };
		7978DBE727E0AC3200499843 /* SoundKit.swift in Sources */ = {isa = PBXBuildFile; fileRef = 7978DBE627E0AC3200499843 /* SoundKit.swift */; };
		7978DBEA27E0AC6400499843 /* HomeView.swift in Sources */ = {isa = PBXBuildFile; fileRef = 7978DBE927E0AC6400499843 /* HomeView.swift */; };
		7978DBEC27E0AC6C00499843 /* MonthlyCalendarView.swift in Sources */ = {isa = PBXBuildFile; fileRef = 7978DBEB27E0AC6C00499843 /* MonthlyCalendarView.swift */; };
		7978DBEE27E0BEFD00499843 /* DateModel.swift in Sources */ = {isa = PBXBuildFile; fileRef = 7978DBED27E0BEFD00499843 /* DateModel.swift */; };
		7978DBF027E0C55D00499843 /* CalendarViewModel.swift in Sources */ = {isa = PBXBuildFile; fileRef = 7978DBEF27E0C55D00499843 /* CalendarViewModel.swift */; };
		7978DBF227E0CB5600499843 /* GetAllDate.swift in Sources */ = {isa = PBXBuildFile; fileRef = 7978DBF127E0CB5600499843 /* GetAllDate.swift */; };
		799129BF27DF6D2B004CBE70 /* SwiftUICaneldarProjectApp.swift in Sources */ = {isa = PBXBuildFile; fileRef = 799129BE27DF6D2B004CBE70 /* SwiftUICaneldarProjectApp.swift */; };
		799129C127DF6D2B004CBE70 /* ContentView.swift in Sources */ = {isa = PBXBuildFile; fileRef = 799129C027DF6D2B004CBE70 /* ContentView.swift */; };
		799129C327DF6D2C004CBE70 /* Assets.xcassets in Resources */ = {isa = PBXBuildFile; fileRef = 799129C227DF6D2C004CBE70 /* Assets.xcassets */; };
		799129C627DF6D2C004CBE70 /* Preview Assets.xcassets in Resources */ = {isa = PBXBuildFile; fileRef = 799129C527DF6D2C004CBE70 /* Preview Assets.xcassets */; };
		F05062A527E014B30051359B /* Color.swift in Sources */ = {isa = PBXBuildFile; fileRef = F05062A427E014B30051359B /* Color.swift */; };
		F05062A827E016360051359B /* UIKeyboard.swift in Sources */ = {isa = PBXBuildFile; fileRef = F05062A727E016360051359B /* UIKeyboard.swift */; };
		F05062AC27E016960051359B /* CreateReminderView.swift in Sources */ = {isa = PBXBuildFile; fileRef = F05062AB27E016960051359B /* CreateReminderView.swift */; };
		F05950CE27E164B4001C10D8 /* TaskContainer.xcdatamodeld in Sources */ = {isa = PBXBuildFile; fileRef = F05950CC27E164B4001C10D8 /* TaskContainer.xcdatamodeld */; };
		F05950D027E164D0001C10D8 /* TaskDataService.swift in Sources */ = {isa = PBXBuildFile; fileRef = F05950CF27E164D0001C10D8 /* TaskDataService.swift */; };
		F0ECB7DD27E1E3CD00851ABD /* ReminderViewModel.swift in Sources */ = {isa = PBXBuildFile; fileRef = F0ECB7DC27E1E3CD00851ABD /* ReminderViewModel.swift */; };
/* End PBXBuildFile section */

/* Begin PBXFileReference section */
		7978DBE227E0AC2400499843 /* HomeViewModel.swift */ = {isa = PBXFileReference; lastKnownFileType = sourcecode.swift; path = HomeViewModel.swift; sourceTree = "<group>"; };
		7978DBE427E0AC2D00499843 /* TaskModel.swift */ = {isa = PBXFileReference; lastKnownFileType = sourcecode.swift; path = TaskModel.swift; sourceTree = "<group>"; };
		7978DBE627E0AC3200499843 /* SoundKit.swift */ = {isa = PBXFileReference; lastKnownFileType = sourcecode.swift; path = SoundKit.swift; sourceTree = "<group>"; };
		7978DBE927E0AC6400499843 /* HomeView.swift */ = {isa = PBXFileReference; lastKnownFileType = sourcecode.swift; path = HomeView.swift; sourceTree = "<group>"; };
		7978DBEB27E0AC6C00499843 /* MonthlyCalendarView.swift */ = {isa = PBXFileReference; lastKnownFileType = sourcecode.swift; path = MonthlyCalendarView.swift; sourceTree = "<group>"; };
		7978DBED27E0BEFD00499843 /* DateModel.swift */ = {isa = PBXFileReference; lastKnownFileType = sourcecode.swift; path = DateModel.swift; sourceTree = "<group>"; };
		7978DBEF27E0C55D00499843 /* CalendarViewModel.swift */ = {isa = PBXFileReference; lastKnownFileType = sourcecode.swift; path = CalendarViewModel.swift; sourceTree = "<group>"; };
		7978DBF127E0CB5600499843 /* GetAllDate.swift */ = {isa = PBXFileReference; lastKnownFileType = sourcecode.swift; path = GetAllDate.swift; sourceTree = "<group>"; };
		799129BB27DF6D2B004CBE70 /* SwiftUICaneldarProject.app */ = {isa = PBXFileReference; explicitFileType = wrapper.application; includeInIndex = 0; path = SwiftUICaneldarProject.app; sourceTree = BUILT_PRODUCTS_DIR; };
		799129BE27DF6D2B004CBE70 /* SwiftUICaneldarProjectApp.swift */ = {isa = PBXFileReference; lastKnownFileType = sourcecode.swift; path = SwiftUICaneldarProjectApp.swift; sourceTree = "<group>"; };
		799129C027DF6D2B004CBE70 /* ContentView.swift */ = {isa = PBXFileReference; lastKnownFileType = sourcecode.swift; path = ContentView.swift; sourceTree = "<group>"; };
		799129C227DF6D2C004CBE70 /* Assets.xcassets */ = {isa = PBXFileReference; lastKnownFileType = folder.assetcatalog; path = Assets.xcassets; sourceTree = "<group>"; };
		799129C527DF6D2C004CBE70 /* Preview Assets.xcassets */ = {isa = PBXFileReference; lastKnownFileType = folder.assetcatalog; path = "Preview Assets.xcassets"; sourceTree = "<group>"; };
		F05062A427E014B30051359B /* Color.swift */ = {isa = PBXFileReference; lastKnownFileType = sourcecode.swift; path = Color.swift; sourceTree = "<group>"; };
		F05062A727E016360051359B /* UIKeyboard.swift */ = {isa = PBXFileReference; lastKnownFileType = sourcecode.swift; path = UIKeyboard.swift; sourceTree = "<group>"; };
		F05062AB27E016960051359B /* CreateReminderView.swift */ = {isa = PBXFileReference; lastKnownFileType = sourcecode.swift; path = CreateReminderView.swift; sourceTree = "<group>"; };
		F05950CD27E164B4001C10D8 /* TaskContainer.xcdatamodel */ = {isa = PBXFileReference; lastKnownFileType = wrapper.xcdatamodel; path = TaskContainer.xcdatamodel; sourceTree = "<group>"; };
		F05950CF27E164D0001C10D8 /* TaskDataService.swift */ = {isa = PBXFileReference; lastKnownFileType = sourcecode.swift; path = TaskDataService.swift; sourceTree = "<group>"; };
		F0ECB7DC27E1E3CD00851ABD /* ReminderViewModel.swift */ = {isa = PBXFileReference; lastKnownFileType = sourcecode.swift; path = ReminderViewModel.swift; sourceTree = "<group>"; };
/* End PBXFileReference section */

/* Begin PBXFrameworksBuildPhase section */
		799129B827DF6D2B004CBE70 /* Frameworks */ = {
			isa = PBXFrameworksBuildPhase;
			buildActionMask = 2147483647;
			files = (
			);
			runOnlyForDeploymentPostprocessing = 0;
		};
/* End PBXFrameworksBuildPhase section */

/* Begin PBXGroup section */
		7978DBDF27E0AC0C00499843 /* ViewModel */ = {
			isa = PBXGroup;
			children = (
				7978DBE227E0AC2400499843 /* HomeViewModel.swift */,
				7978DBEF27E0C55D00499843 /* CalendarViewModel.swift */,
				F0ECB7DC27E1E3CD00851ABD /* ReminderViewModel.swift */,
			);
			path = ViewModel;
			sourceTree = "<group>";
		};
		7978DBE027E0AC1400499843 /* Model */ = {
			isa = PBXGroup;
			children = (
				7978DBE427E0AC2D00499843 /* TaskModel.swift */,
				7978DBED27E0BEFD00499843 /* DateModel.swift */,
				F05950CC27E164B4001C10D8 /* TaskContainer.xcdatamodeld */,
			);
			path = Model;
			sourceTree = "<group>";
		};
		7978DBE127E0AC1800499843 /* Utilities */ = {
			isa = PBXGroup;
			children = (
				7978DBE627E0AC3200499843 /* SoundKit.swift */,
			);
			path = Utilities;
			sourceTree = "<group>";
		};
		7978DBE827E0AC4B00499843 /* App */ = {
			isa = PBXGroup;
			children = (
				799129BE27DF6D2B004CBE70 /* SwiftUICaneldarProjectApp.swift */,
				799129C027DF6D2B004CBE70 /* ContentView.swift */,
			);
			path = App;
			sourceTree = "<group>";
		};
		799129B227DF6D2B004CBE70 = {
			isa = PBXGroup;
			children = (
				799129BD27DF6D2B004CBE70 /* SwiftUICaneldarProject */,
				799129BC27DF6D2B004CBE70 /* Products */,
			);
			sourceTree = "<group>";
		};
		799129BC27DF6D2B004CBE70 /* Products */ = {
			isa = PBXGroup;
			children = (
				799129BB27DF6D2B004CBE70 /* SwiftUICaneldarProject.app */,
			);
			name = Products;
			sourceTree = "<group>";
		};
		799129BD27DF6D2B004CBE70 /* SwiftUICaneldarProject */ = {
			isa = PBXGroup;
			children = (
				7978DBE827E0AC4B00499843 /* App */,
				F05950CB27E16462001C10D8 /* DataServices */,
				7978DBE127E0AC1800499843 /* Utilities */,
				7978DBE027E0AC1400499843 /* Model */,
				7978DBDF27E0AC0C00499843 /* ViewModel */,
				F05062A627E014DC0051359B /* Extension */,
				F05062A027E014620051359B /* Views */,
				799129C227DF6D2C004CBE70 /* Assets.xcassets */,
				799129C427DF6D2C004CBE70 /* Preview Content */,
			);
			path = SwiftUICaneldarProject;
			sourceTree = "<group>";
		};
		799129C427DF6D2C004CBE70 /* Preview Content */ = {
			isa = PBXGroup;
			children = (
				799129C527DF6D2C004CBE70 /* Preview Assets.xcassets */,
			);
			path = "Preview Content";
			sourceTree = "<group>";
		};
		F05062A027E014620051359B /* Views */ = {
			isa = PBXGroup;
			children = (
				7978DBE927E0AC6400499843 /* HomeView.swift */,
				7978DBEB27E0AC6C00499843 /* MonthlyCalendarView.swift */,
				F05062AB27E016960051359B /* CreateReminderView.swift */,
			);
			path = Views;
			sourceTree = "<group>";
		};
		F05062A627E014DC0051359B /* Extension */ = {
			isa = PBXGroup;
			children = (
				F05062A427E014B30051359B /* Color.swift */,
				F05062A727E016360051359B /* UIKeyboard.swift */,
				7978DBF127E0CB5600499843 /* GetAllDate.swift */,
			);
			path = Extension;
			sourceTree = "<group>";
		};
		F05950CB27E16462001C10D8 /* DataServices */ = {
			isa = PBXGroup;
			children = (
				F05950CF27E164D0001C10D8 /* TaskDataService.swift */,
			);
			path = DataServices;
			sourceTree = "<group>";
		};
/* End PBXGroup section */

/* Begin PBXNativeTarget section */
		799129BA27DF6D2B004CBE70 /* SwiftUICaneldarProject */ = {
			isa = PBXNativeTarget;
			buildConfigurationList = 799129C927DF6D2C004CBE70 /* Build configuration list for PBXNativeTarget "SwiftUICaneldarProject" */;
			buildPhases = (
				799129B727DF6D2B004CBE70 /* Sources */,
				799129B827DF6D2B004CBE70 /* Frameworks */,
				799129B927DF6D2B004CBE70 /* Resources */,
			);
			buildRules = (
			);
			dependencies = (
			);
			name = SwiftUICaneldarProject;
			productName = SwiftUICaneldarProject;
			productReference = 799129BB27DF6D2B004CBE70 /* SwiftUICaneldarProject.app */;
			productType = "com.apple.product-type.application";
		};
/* End PBXNativeTarget section */

/* Begin PBXProject section */
		799129B327DF6D2B004CBE70 /* Project object */ = {
			isa = PBXProject;
			attributes = {
				BuildIndependentTargetsInParallel = 1;
				LastSwiftUpdateCheck = 1330;
				LastUpgradeCheck = 1330;
				TargetAttributes = {
					799129BA27DF6D2B004CBE70 = {
						CreatedOnToolsVersion = 13.3;
					};
				};
			};
			buildConfigurationList = 799129B627DF6D2B004CBE70 /* Build configuration list for PBXProject "SwiftUICaneldarProject" */;
			compatibilityVersion = "Xcode 13.0";
			developmentRegion = en;
			hasScannedForEncodings = 0;
			knownRegions = (
				en,
				Base,
			);
			mainGroup = 799129B227DF6D2B004CBE70;
			productRefGroup = 799129BC27DF6D2B004CBE70 /* Products */;
			projectDirPath = "";
			projectRoot = "";
			targets = (
				799129BA27DF6D2B004CBE70 /* SwiftUICaneldarProject */,
			);
		};
/* End PBXProject section */

/* Begin PBXResourcesBuildPhase section */
		799129B927DF6D2B004CBE70 /* Resources */ = {
			isa = PBXResourcesBuildPhase;
			buildActionMask = 2147483647;
			files = (
				799129C627DF6D2C004CBE70 /* Preview Assets.xcassets in Resources */,
				799129C327DF6D2C004CBE70 /* Assets.xcassets in Resources */,
			);
			runOnlyForDeploymentPostprocessing = 0;
		};
/* End PBXResourcesBuildPhase section */

/* Begin PBXSourcesBuildPhase section */
		799129B727DF6D2B004CBE70 /* Sources */ = {
			isa = PBXSourcesBuildPhase;
			buildActionMask = 2147483647;
			files = (
				7978DBF027E0C55D00499843 /* CalendarViewModel.swift in Sources */,
				7978DBEC27E0AC6C00499843 /* MonthlyCalendarView.swift in Sources */,
				7978DBEA27E0AC6400499843 /* HomeView.swift in Sources */,
				7978DBEE27E0BEFD00499843 /* DateModel.swift in Sources */,
				F0ECB7DD27E1E3CD00851ABD /* ReminderViewModel.swift in Sources */,
				799129C127DF6D2B004CBE70 /* ContentView.swift in Sources */,
				7978DBF227E0CB5600499843 /* GetAllDate.swift in Sources */,
				7978DBE327E0AC2400499843 /* HomeViewModel.swift in Sources */,
				799129BF27DF6D2B004CBE70 /* SwiftUICaneldarProjectApp.swift in Sources */,
				F05062A827E016360051359B /* UIKeyboard.swift in Sources */,
				F05062A527E014B30051359B /* Color.swift in Sources */,
				F05950CE27E164B4001C10D8 /* TaskContainer.xcdatamodeld in Sources */,
				F05950D027E164D0001C10D8 /* TaskDataService.swift in Sources */,
				7978DBE727E0AC3200499843 /* SoundKit.swift in Sources */,
				F05062AC27E016960051359B /* CreateReminderView.swift in Sources */,
				7978DBE527E0AC2D00499843 /* TaskModel.swift in Sources */,
			);
			runOnlyForDeploymentPostprocessing = 0;
		};
/* End PBXSourcesBuildPhase section */

/* Begin XCBuildConfiguration section */
		799129C727DF6D2C004CBE70 /* Debug */ = {
			isa = XCBuildConfiguration;
			buildSettings = {
				ALWAYS_SEARCH_USER_PATHS = NO;
				CLANG_ANALYZER_NONNULL = YES;
				CLANG_ANALYZER_NUMBER_OBJECT_CONVERSION = YES_AGGRESSIVE;
				CLANG_CXX_LANGUAGE_STANDARD = "gnu++17";
				CLANG_ENABLE_MODULES = YES;
				CLANG_ENABLE_OBJC_ARC = YES;
				CLANG_ENABLE_OBJC_WEAK = YES;
				CLANG_WARN_BLOCK_CAPTURE_AUTORELEASING = YES;
				CLANG_WARN_BOOL_CONVERSION = YES;
				CLANG_WARN_COMMA = YES;
				CLANG_WARN_CONSTANT_CONVERSION = YES;
				CLANG_WARN_DEPRECATED_OBJC_IMPLEMENTATIONS = YES;
				CLANG_WARN_DIRECT_OBJC_ISA_USAGE = YES_ERROR;
				CLANG_WARN_DOCUMENTATION_COMMENTS = YES;
				CLANG_WARN_EMPTY_BODY = YES;
				CLANG_WARN_ENUM_CONVERSION = YES;
				CLANG_WARN_INFINITE_RECURSION = YES;
				CLANG_WARN_INT_CONVERSION = YES;
				CLANG_WARN_NON_LITERAL_NULL_CONVERSION = YES;
				CLANG_WARN_OBJC_IMPLICIT_RETAIN_SELF = YES;
				CLANG_WARN_OBJC_LITERAL_CONVERSION = YES;
				CLANG_WARN_OBJC_ROOT_CLASS = YES_ERROR;
				CLANG_WARN_QUOTED_INCLUDE_IN_FRAMEWORK_HEADER = YES;
				CLANG_WARN_RANGE_LOOP_ANALYSIS = YES;
				CLANG_WARN_STRICT_PROTOTYPES = YES;
				CLANG_WARN_SUSPICIOUS_MOVE = YES;
				CLANG_WARN_UNGUARDED_AVAILABILITY = YES_AGGRESSIVE;
				CLANG_WARN_UNREACHABLE_CODE = YES;
				CLANG_WARN__DUPLICATE_METHOD_MATCH = YES;
				COPY_PHASE_STRIP = NO;
				DEBUG_INFORMATION_FORMAT = dwarf;
				ENABLE_STRICT_OBJC_MSGSEND = YES;
				ENABLE_TESTABILITY = YES;
				GCC_C_LANGUAGE_STANDARD = gnu11;
				GCC_DYNAMIC_NO_PIC = NO;
				GCC_NO_COMMON_BLOCKS = YES;
				GCC_OPTIMIZATION_LEVEL = 0;
				GCC_PREPROCESSOR_DEFINITIONS = (
					"DEBUG=1",
					"$(inherited)",
				);
				GCC_WARN_64_TO_32_BIT_CONVERSION = YES;
				GCC_WARN_ABOUT_RETURN_TYPE = YES_ERROR;
				GCC_WARN_UNDECLARED_SELECTOR = YES;
				GCC_WARN_UNINITIALIZED_AUTOS = YES_AGGRESSIVE;
				GCC_WARN_UNUSED_FUNCTION = YES;
				GCC_WARN_UNUSED_VARIABLE = YES;
				IPHONEOS_DEPLOYMENT_TARGET = 15.4;
				MTL_ENABLE_DEBUG_INFO = INCLUDE_SOURCE;
				MTL_FAST_MATH = YES;
				ONLY_ACTIVE_ARCH = YES;
				SDKROOT = iphoneos;
				SWIFT_ACTIVE_COMPILATION_CONDITIONS = DEBUG;
				SWIFT_OPTIMIZATION_LEVEL = "-Onone";
			};
			name = Debug;
		};
		799129C827DF6D2C004CBE70 /* Release */ = {
			isa = XCBuildConfiguration;
			buildSettings = {
				ALWAYS_SEARCH_USER_PATHS = NO;
				CLANG_ANALYZER_NONNULL = YES;
				CLANG_ANALYZER_NUMBER_OBJECT_CONVERSION = YES_AGGRESSIVE;
				CLANG_CXX_LANGUAGE_STANDARD = "gnu++17";
				CLANG_ENABLE_MODULES = YES;
				CLANG_ENABLE_OBJC_ARC = YES;
				CLANG_ENABLE_OBJC_WEAK = YES;
				CLANG_WARN_BLOCK_CAPTURE_AUTORELEASING = YES;
				CLANG_WARN_BOOL_CONVERSION = YES;
				CLANG_WARN_COMMA = YES;
				CLANG_WARN_CONSTANT_CONVERSION = YES;
				CLANG_WARN_DEPRECATED_OBJC_IMPLEMENTATIONS = YES;
				CLANG_WARN_DIRECT_OBJC_ISA_USAGE = YES_ERROR;
				CLANG_WARN_DOCUMENTATION_COMMENTS = YES;
				CLANG_WARN_EMPTY_BODY = YES;
				CLANG_WARN_ENUM_CONVERSION = YES;
				CLANG_WARN_INFINITE_RECURSION = YES;
				CLANG_WARN_INT_CONVERSION = YES;
				CLANG_WARN_NON_LITERAL_NULL_CONVERSION = YES;
				CLANG_WARN_OBJC_IMPLICIT_RETAIN_SELF = YES;
				CLANG_WARN_OBJC_LITERAL_CONVERSION = YES;
				CLANG_WARN_OBJC_ROOT_CLASS = YES_ERROR;
				CLANG_WARN_QUOTED_INCLUDE_IN_FRAMEWORK_HEADER = YES;
				CLANG_WARN_RANGE_LOOP_ANALYSIS = YES;
				CLANG_WARN_STRICT_PROTOTYPES = YES;
				CLANG_WARN_SUSPICIOUS_MOVE = YES;
				CLANG_WARN_UNGUARDED_AVAILABILITY = YES_AGGRESSIVE;
				CLANG_WARN_UNREACHABLE_CODE = YES;
				CLANG_WARN__DUPLICATE_METHOD_MATCH = YES;
				COPY_PHASE_STRIP = NO;
				DEBUG_INFORMATION_FORMAT = "dwarf-with-dsym";
				ENABLE_NS_ASSERTIONS = NO;
				ENABLE_STRICT_OBJC_MSGSEND = YES;
				GCC_C_LANGUAGE_STANDARD = gnu11;
				GCC_NO_COMMON_BLOCKS = YES;
				GCC_WARN_64_TO_32_BIT_CONVERSION = YES;
				GCC_WARN_ABOUT_RETURN_TYPE = YES_ERROR;
				GCC_WARN_UNDECLARED_SELECTOR = YES;
				GCC_WARN_UNINITIALIZED_AUTOS = YES_AGGRESSIVE;
				GCC_WARN_UNUSED_FUNCTION = YES;
				GCC_WARN_UNUSED_VARIABLE = YES;
				IPHONEOS_DEPLOYMENT_TARGET = 15.4;
				MTL_ENABLE_DEBUG_INFO = NO;
				MTL_FAST_MATH = YES;
				SDKROOT = iphoneos;
				SWIFT_COMPILATION_MODE = wholemodule;
				SWIFT_OPTIMIZATION_LEVEL = "-O";
				VALIDATE_PRODUCT = YES;
			};
			name = Release;
		};
		799129CA27DF6D2C004CBE70 /* Debug */ = {
			isa = XCBuildConfiguration;
			buildSettings = {
				ASSETCATALOG_COMPILER_APPICON_NAME = AppIcon;
				ASSETCATALOG_COMPILER_GLOBAL_ACCENT_COLOR_NAME = AccentColor;
				CODE_SIGN_IDENTITY = "Apple Development";
				CODE_SIGN_STYLE = Automatic;
				CURRENT_PROJECT_VERSION = 1;
				DEVELOPMENT_ASSET_PATHS = "\"SwiftUICaneldarProject/Preview Content\"";
				DEVELOPMENT_TEAM = LZ887YG4E9;
				ENABLE_PREVIEWS = YES;
				GENERATE_INFOPLIST_FILE = YES;
				INFOPLIST_KEY_UIApplicationSceneManifest_Generation = YES;
				INFOPLIST_KEY_UIApplicationSupportsIndirectInputEvents = YES;
				INFOPLIST_KEY_UILaunchScreen_Generation = YES;
				INFOPLIST_KEY_UISupportedInterfaceOrientations = UIInterfaceOrientationPortrait;
				INFOPLIST_KEY_UISupportedInterfaceOrientations_iPad = "UIInterfaceOrientationPortrait UIInterfaceOrientationPortraitUpsideDown UIInterfaceOrientationLandscapeLeft UIInterfaceOrientationLandscapeRight";
				INFOPLIST_KEY_UISupportedInterfaceOrientations_iPhone = "UIInterfaceOrientationPortrait UIInterfaceOrientationLandscapeLeft UIInterfaceOrientationLandscapeRight";
				LD_RUNPATH_SEARCH_PATHS = (
					"$(inherited)",
					"@executable_path/Frameworks",
				);
				MARKETING_VERSION = 1.0;
				PRODUCT_BUNDLE_IDENTIFIER = leeky16498.SwiftUICaneldarProject;
				PRODUCT_NAME = "$(TARGET_NAME)";
				PROVISIONING_PROFILE_SPECIFIER = "";
				SWIFT_EMIT_LOC_STRINGS = YES;
				SWIFT_VERSION = 5.0;
				TARGETED_DEVICE_FAMILY = 1;
			};
			name = Debug;
		};
		799129CB27DF6D2C004CBE70 /* Release */ = {
			isa = XCBuildConfiguration;
			buildSettings = {
				ASSETCATALOG_COMPILER_APPICON_NAME = AppIcon;
				ASSETCATALOG_COMPILER_GLOBAL_ACCENT_COLOR_NAME = AccentColor;
				CODE_SIGN_IDENTITY = "Apple Development";
				CODE_SIGN_STYLE = Automatic;
				CURRENT_PROJECT_VERSION = 1;
				DEVELOPMENT_ASSET_PATHS = "\"SwiftUICaneldarProject/Preview Content\"";
				DEVELOPMENT_TEAM = LZ887YG4E9;
				ENABLE_PREVIEWS = YES;
				GENERATE_INFOPLIST_FILE = YES;
				INFOPLIST_KEY_UIApplicationSceneManifest_Generation = YES;
				INFOPLIST_KEY_UIApplicationSupportsIndirectInputEvents = YES;
				INFOPLIST_KEY_UILaunchScreen_Generation = YES;
				INFOPLIST_KEY_UISupportedInterfaceOrientations = UIInterfaceOrientationPortrait;
				INFOPLIST_KEY_UISupportedInterfaceOrientations_iPad = "UIInterfaceOrientationPortrait UIInterfaceOrientationPortraitUpsideDown UIInterfaceOrientationLandscapeLeft UIInterfaceOrientationLandscapeRight";
				INFOPLIST_KEY_UISupportedInterfaceOrientations_iPhone = "UIInterfaceOrientationPortrait UIInterfaceOrientationLandscapeLeft UIInterfaceOrientationLandscapeRight";
				LD_RUNPATH_SEARCH_PATHS = (
					"$(inherited)",
					"@executable_path/Frameworks",
				);
				MARKETING_VERSION = 1.0;
				PRODUCT_BUNDLE_IDENTIFIER = leeky16498.SwiftUICaneldarProject;
				PRODUCT_NAME = "$(TARGET_NAME)";
				PROVISIONING_PROFILE_SPECIFIER = "";
				SWIFT_EMIT_LOC_STRINGS = YES;
				SWIFT_VERSION = 5.0;
				TARGETED_DEVICE_FAMILY = 1;
			};
			name = Release;
		};
/* End XCBuildConfiguration section */

/* Begin XCConfigurationList section */
		799129B627DF6D2B004CBE70 /* Build configuration list for PBXProject "SwiftUICaneldarProject" */ = {
			isa = XCConfigurationList;
			buildConfigurations = (
				799129C727DF6D2C004CBE70 /* Debug */,
				799129C827DF6D2C004CBE70 /* Release */,
			);
			defaultConfigurationIsVisible = 0;
			defaultConfigurationName = Release;
		};
		799129C927DF6D2C004CBE70 /* Build configuration list for PBXNativeTarget "SwiftUICaneldarProject" */ = {
			isa = XCConfigurationList;
			buildConfigurations = (
				799129CA27DF6D2C004CBE70 /* Debug */,
				799129CB27DF6D2C004CBE70 /* Release */,
			);
			defaultConfigurationIsVisible = 0;
			defaultConfigurationName = Release;
		};
/* End XCConfigurationList section */

/* Begin XCVersionGroup section */
		F05950CC27E164B4001C10D8 /* TaskContainer.xcdatamodeld */ = {
			isa = XCVersionGroup;
			children = (
				F05950CD27E164B4001C10D8 /* TaskContainer.xcdatamodel */,
			);
			currentVersion = F05950CD27E164B4001C10D8 /* TaskContainer.xcdatamodel */;
			path = TaskContainer.xcdatamodeld;
			sourceTree = "<group>";
			versionGroupType = wrapper.xcdatamodel;
		};
/* End XCVersionGroup section */
	};
	rootObject = 799129B327DF6D2B004CBE70 /* Project object */;
}
